
Microsoft Visual Studio Solution File, Format Version 12.00
Project("{FAE04EC0-301F-11D3-BF4B-00C04F79EFBC}") = "Scheduling.Api", "Scheduling.Api\Scheduling.Api.csproj", "{FD86EABF-DC2F-456B-9EFC-4FC51C6BE226}"
EndProject
Project("{FAE04EC0-301F-11D3-BF4B-00C04F79EFBC}") = "Scheduling.App", "Scheduling.App\Scheduling.App.csproj", "{03F240FA-F4AB-4530-9316-3546CF67A591}"
EndProject
Global
	GlobalSection(SolutionConfigurationPlatforms) = preSolution
		Debug|Any CPU = Debug|Any CPU
		Release|Any CPU = Release|Any CPU
	EndGlobalSection
	GlobalSection(ProjectConfigurationPlatforms) = postSolution
		{FD86EABF-DC2F-456B-9EFC-4FC51C6BE226}.Debug|Any CPU.ActiveCfg = Debug|Any CPU
		{FD86EABF-DC2F-456B-9EFC-4FC51C6BE226}.Debug|Any CPU.Build.0 = Debug|Any CPU
		{FD86EABF-DC2F-456B-9EFC-4FC51C6BE226}.Release|Any CPU.ActiveCfg = Release|Any CPU
		{FD86EABF-DC2F-456B-9EFC-4FC51C6BE226}.Release|Any CPU.Build.0 = Release|Any CPU
		{03F240FA-F4AB-4530-9316-3546CF67A591}.Debug|Any CPU.ActiveCfg = Debug|Any CPU
		{03F240FA-F4AB-4530-9316-3546CF67A591}.Debug|Any CPU.Build.0 = Debug|Any CPU
		{03F240FA-F4AB-4530-9316-3546CF67A591}.Release|Any CPU.ActiveCfg = Release|Any CPU
		{03F240FA-F4AB-4530-9316-3546CF67A591}.Release|Any CPU.Build.0 = Release|Any CPU
	EndGlobalSection
EndGlobal
